
Microsoft Visual Studio Solution File, Format Version 12.00
# Visual Studio Version 17
VisualStudioVersion = 17.11.35312.102
MinimumVisualStudioVersion = 10.0.40219.1
Project("{2150E333-8FDC-42A3-9474-1A3956D46DE8}") = "Task0", "Task0", "{EDB0D7FC-E6E7-4728-BAEA-56439D00D9A8}"
EndProject
Project("{FAE04EC0-301F-11D3-BF4B-00C04F79EFBC}") = "Tyuiu.FamutdinovaJI.Sprint5.Task0.V2", "Tyuiu.FamutdinovaJI.Sprint5.Task0.V2\Tyuiu.FamutdinovaJI.Sprint5.Task0.V2.csproj", "{815185A0-597C-46BF-B25D-1EBF89888C16}"
EndProject
Project("{FAE04EC0-301F-11D3-BF4B-00C04F79EFBC}") = "Tyuiu.FamutdinovaJI.Sprint5.Task0.V2.Lib", "Tyuiu.FamutdinovaJI.Sprint5.Task0.V2.Lib\Tyuiu.FamutdinovaJI.Sprint5.Task0.V2.Lib.csproj", "{80C39DBB-5EC2-4BDE-AED5-EF36D04D21FF}"
EndProject
Project("{FAE04EC0-301F-11D3-BF4B-00C04F79EFBC}") = "Tyuiu.FamutdinovaJI.Sprint5.Task0.V2.Test", "Tyuiu.FamutdinovaJI.Sprint5.Task0.V2.Test\Tyuiu.FamutdinovaJI.Sprint5.Task0.V2.Test.csproj", "{9DEAE8E5-17AE-4830-B42C-DE0F889B42B5}"
EndProject
Project("{2150E333-8FDC-42A3-9474-1A3956D46DE8}") = "Task1", "Task1", "{56DD75B0-99B6-4E0B-ABB4-5C580B8DA4E4}"
EndProject
Project("{FAE04EC0-301F-11D3-BF4B-00C04F79EFBC}") = "Tyuiu.FamutdinovaJI.Sprint5.Task1.V23", "Tyuiu.FamutdinovaJI.Sprint5.Task1.V23\Tyuiu.FamutdinovaJI.Sprint5.Task1.V23.csproj", "{78EA0B00-AEDA-4BFF-93F2-96628B5F7BBB}"
EndProject
Project("{FAE04EC0-301F-11D3-BF4B-00C04F79EFBC}") = "Tyuiu.FamutdinovaJI.Sprint5.Task1.V23.Lib", "Tyuiu.FamutdinovaJI.Sprint5.Task1.V23.Lib\Tyuiu.FamutdinovaJI.Sprint5.Task1.V23.Lib.csproj", "{BBA7EAAF-9C48-42BC-9E5D-46FB402A0323}"
EndProject
Project("{FAE04EC0-301F-11D3-BF4B-00C04F79EFBC}") = "Tyuiu.FamutdinovaJI.Sprint5.Task1.V23.Test", "Tyuiu.FamutdinovaJI.Sprint5.Task1.V23.Test\Tyuiu.FamutdinovaJI.Sprint5.Task1.V23.Test.csproj", "{AD000C9F-B9CF-490F-AD26-429BD8ED6C78}"
EndProject
Project("{2150E333-8FDC-42A3-9474-1A3956D46DE8}") = "Task2", "Task2", "{3D700621-1A90-47F7-9579-D830531758B1}"
EndProject
Project("{FAE04EC0-301F-11D3-BF4B-00C04F79EFBC}") = "Tyuiu.FamutdinovaJI.Sprint5.Task2.V29", "Tyuiu.FamutdinovaJI.Sprint5.Task2.V29\Tyuiu.FamutdinovaJI.Sprint5.Task2.V29.csproj", "{D3163AE6-6147-406D-9B1B-B9B78D1C5439}"
EndProject
Project("{FAE04EC0-301F-11D3-BF4B-00C04F79EFBC}") = "Tyuiu.FamutdinovaJI.Sprint5.Task2.V29.Lib", "Tyuiu.FamutdinovaJI.Sprint5.Task2.V29.Lib\Tyuiu.FamutdinovaJI.Sprint5.Task2.V29.Lib.csproj", "{8F10F023-275D-4763-B5AB-ACAD22F533A8}"
EndProject
Project("{FAE04EC0-301F-11D3-BF4B-00C04F79EFBC}") = "Tyuiu.FamutdinovaJI.Sprint5.Task2.V29.Test", "Tyuiu.FamutdinovaJI.Sprint5.Task2.V29.Test\Tyuiu.FamutdinovaJI.Sprint5.Task2.V29.Test.csproj", "{DDAC2DDB-6C28-406C-A517-0BEADB6AEE4A}"
EndProject
Project("{2150E333-8FDC-42A3-9474-1A3956D46DE8}") = "Task3", "Task3", "{8617C5E5-D248-432E-B83B-955151EBC9CA}"
EndProject
Project("{FAE04EC0-301F-11D3-BF4B-00C04F79EFBC}") = "Tyuiu.FamutdinovaJI.Sprint5.Task3.V1", "Tyuiu.FamutdinovaJI.Sprint5.Task3.V1\Tyuiu.FamutdinovaJI.Sprint5.Task3.V1.csproj", "{7EE9AA49-95C6-49AE-84B0-25F320BA75B6}"
EndProject
Project("{FAE04EC0-301F-11D3-BF4B-00C04F79EFBC}") = "Tyuiu.FamutdinovaJI.Sprint5.Task3.V1.Lib", "Tyuiu.FamutdinovaJI.Sprint5.Task3.V1.Lib\Tyuiu.FamutdinovaJI.Sprint5.Task3.V1.Lib.csproj", "{982E0769-2694-40D1-8A0B-ECF5EB5F9A6D}"
EndProject
Project("{FAE04EC0-301F-11D3-BF4B-00C04F79EFBC}") = "Tyuiu.FamutdinovaJI.Sprint5.Task3.V1.Test", "Tyuiu.FamutdinovaJI.Sprint5.Task3.V1.Test\Tyuiu.FamutdinovaJI.Sprint5.Task3.V1.Test.csproj", "{1CF4073C-AEE5-4FB9-8BB7-B8187D603CD6}"
EndProject
Project("{2150E333-8FDC-42A3-9474-1A3956D46DE8}") = "Task4", "Task4", "{BAD882BD-54D4-4EB6-B0CD-4CA910D7CC85}"
EndProject
Project("{FAE04EC0-301F-11D3-BF4B-00C04F79EFBC}") = "Tyuiu.FamutdinovaJI.Sprint5.Task4.V29", "Tyuiu.FamutdinovaJI.Sprint5.Task4.V29\Tyuiu.FamutdinovaJI.Sprint5.Task4.V29.csproj", "{FF8D268B-D164-43B4-91C2-8A0E768C8E62}"
EndProject
Project("{FAE04EC0-301F-11D3-BF4B-00C04F79EFBC}") = "Tyuiu.FamutdinovaJI.Sprint5.Task4.V29.Lib", "Tyuiu.FamutdinovaJI.Sprint5.Task4.V29.Lib\Tyuiu.FamutdinovaJI.Sprint5.Task4.V29.Lib.csproj", "{7136F055-EA57-45AF-80F8-C22541FB035D}"
EndProject
Project("{FAE04EC0-301F-11D3-BF4B-00C04F79EFBC}") = "Tyuiu.FamutdinovaJI.Sprint5.Task4.V29.Test", "Tyuiu.FamutdinovaJI.Sprint5.Task4.V29.Test\Tyuiu.FamutdinovaJI.Sprint5.Task4.V29.Test.csproj", "{565CCA87-D681-4CBF-8CC2-B9ACDE1F6EAC}"
EndProject
Global
	GlobalSection(SolutionConfigurationPlatforms) = preSolution
		Debug|Any CPU = Debug|Any CPU
		Release|Any CPU = Release|Any CPU
	EndGlobalSection
	GlobalSection(ProjectConfigurationPlatforms) = postSolution
		{815185A0-597C-46BF-B25D-1EBF89888C16}.Debug|Any CPU.ActiveCfg = Debug|Any CPU
		{815185A0-597C-46BF-B25D-1EBF89888C16}.Debug|Any CPU.Build.0 = Debug|Any CPU
		{815185A0-597C-46BF-B25D-1EBF89888C16}.Release|Any CPU.ActiveCfg = Release|Any CPU
		{815185A0-597C-46BF-B25D-1EBF89888C16}.Release|Any CPU.Build.0 = Release|Any CPU
		{80C39DBB-5EC2-4BDE-AED5-EF36D04D21FF}.Debug|Any CPU.ActiveCfg = Debug|Any CPU
		{80C39DBB-5EC2-4BDE-AED5-EF36D04D21FF}.Debug|Any CPU.Build.0 = Debug|Any CPU
		{80C39DBB-5EC2-4BDE-AED5-EF36D04D21FF}.Release|Any CPU.ActiveCfg = Release|Any CPU
		{80C39DBB-5EC2-4BDE-AED5-EF36D04D21FF}.Release|Any CPU.Build.0 = Release|Any CPU
		{9DEAE8E5-17AE-4830-B42C-DE0F889B42B5}.Debug|Any CPU.ActiveCfg = Debug|Any CPU
		{9DEAE8E5-17AE-4830-B42C-DE0F889B42B5}.Debug|Any CPU.Build.0 = Debug|Any CPU
		{9DEAE8E5-17AE-4830-B42C-DE0F889B42B5}.Release|Any CPU.ActiveCfg = Release|Any CPU
		{9DEAE8E5-17AE-4830-B42C-DE0F889B42B5}.Release|Any CPU.Build.0 = Release|Any CPU
		{78EA0B00-AEDA-4BFF-93F2-96628B5F7BBB}.Debug|Any CPU.ActiveCfg = Debug|Any CPU
		{78EA0B00-AEDA-4BFF-93F2-96628B5F7BBB}.Debug|Any CPU.Build.0 = Debug|Any CPU
		{78EA0B00-AEDA-4BFF-93F2-96628B5F7BBB}.Release|Any CPU.ActiveCfg = Release|Any CPU
		{78EA0B00-AEDA-4BFF-93F2-96628B5F7BBB}.Release|Any CPU.Build.0 = Release|Any CPU
		{BBA7EAAF-9C48-42BC-9E5D-46FB402A0323}.Debug|Any CPU.ActiveCfg = Debug|Any CPU
		{BBA7EAAF-9C48-42BC-9E5D-46FB402A0323}.Debug|Any CPU.Build.0 = Debug|Any CPU
		{BBA7EAAF-9C48-42BC-9E5D-46FB402A0323}.Release|Any CPU.ActiveCfg = Release|Any CPU
		{BBA7EAAF-9C48-42BC-9E5D-46FB402A0323}.Release|Any CPU.Build.0 = Release|Any CPU
		{AD000C9F-B9CF-490F-AD26-429BD8ED6C78}.Debug|Any CPU.ActiveCfg = Debug|Any CPU
		{AD000C9F-B9CF-490F-AD26-429BD8ED6C78}.Debug|Any CPU.Build.0 = Debug|Any CPU
		{AD000C9F-B9CF-490F-AD26-429BD8ED6C78}.Release|Any CPU.ActiveCfg = Release|Any CPU
		{AD000C9F-B9CF-490F-AD26-429BD8ED6C78}.Release|Any CPU.Build.0 = Release|Any CPU
		{D3163AE6-6147-406D-9B1B-B9B78D1C5439}.Debug|Any CPU.ActiveCfg = Debug|Any CPU
		{D3163AE6-6147-406D-9B1B-B9B78D1C5439}.Debug|Any CPU.Build.0 = Debug|Any CPU
		{D3163AE6-6147-406D-9B1B-B9B78D1C5439}.Release|Any CPU.ActiveCfg = Release|Any CPU
		{D3163AE6-6147-406D-9B1B-B9B78D1C5439}.Release|Any CPU.Build.0 = Release|Any CPU
		{8F10F023-275D-4763-B5AB-ACAD22F533A8}.Debug|Any CPU.ActiveCfg = Debug|Any CPU
		{8F10F023-275D-4763-B5AB-ACAD22F533A8}.Debug|Any CPU.Build.0 = Debug|Any CPU
		{8F10F023-275D-4763-B5AB-ACAD22F533A8}.Release|Any CPU.ActiveCfg = Release|Any CPU
		{8F10F023-275D-4763-B5AB-ACAD22F533A8}.Release|Any CPU.Build.0 = Release|Any CPU
		{DDAC2DDB-6C28-406C-A517-0BEADB6AEE4A}.Debug|Any CPU.ActiveCfg = Debug|Any CPU
		{DDAC2DDB-6C28-406C-A517-0BEADB6AEE4A}.Debug|Any CPU.Build.0 = Debug|Any CPU
		{DDAC2DDB-6C28-406C-A517-0BEADB6AEE4A}.Release|Any CPU.ActiveCfg = Release|Any CPU
		{DDAC2DDB-6C28-406C-A517-0BEADB6AEE4A}.Release|Any CPU.Build.0 = Release|Any CPU
		{7EE9AA49-95C6-49AE-84B0-25F320BA75B6}.Debug|Any CPU.ActiveCfg = Debug|Any CPU
		{7EE9AA49-95C6-49AE-84B0-25F320BA75B6}.Debug|Any CPU.Build.0 = Debug|Any CPU
		{7EE9AA49-95C6-49AE-84B0-25F320BA75B6}.Release|Any CPU.ActiveCfg = Release|Any CPU
		{7EE9AA49-95C6-49AE-84B0-25F320BA75B6}.Release|Any CPU.Build.0 = Release|Any CPU
		{982E0769-2694-40D1-8A0B-ECF5EB5F9A6D}.Debug|Any CPU.ActiveCfg = Debug|Any CPU
		{982E0769-2694-40D1-8A0B-ECF5EB5F9A6D}.Debug|Any CPU.Build.0 = Debug|Any CPU
		{982E0769-2694-40D1-8A0B-ECF5EB5F9A6D}.Release|Any CPU.ActiveCfg = Release|Any CPU
		{982E0769-2694-40D1-8A0B-ECF5EB5F9A6D}.Release|Any CPU.Build.0 = Release|Any CPU
		{1CF4073C-AEE5-4FB9-8BB7-B8187D603CD6}.Debug|Any CPU.ActiveCfg = Debug|Any CPU
		{1CF4073C-AEE5-4FB9-8BB7-B8187D603CD6}.Debug|Any CPU.Build.0 = Debug|Any CPU
		{1CF4073C-AEE5-4FB9-8BB7-B8187D603CD6}.Release|Any CPU.ActiveCfg = Release|Any CPU
		{1CF4073C-AEE5-4FB9-8BB7-B8187D603CD6}.Release|Any CPU.Build.0 = Release|Any CPU
		{FF8D268B-D164-43B4-91C2-8A0E768C8E62}.Debug|Any CPU.ActiveCfg = Debug|Any CPU
		{FF8D268B-D164-43B4-91C2-8A0E768C8E62}.Debug|Any CPU.Build.0 = Debug|Any CPU
		{FF8D268B-D164-43B4-91C2-8A0E768C8E62}.Release|Any CPU.ActiveCfg = Release|Any CPU
		{FF8D268B-D164-43B4-91C2-8A0E768C8E62}.Release|Any CPU.Build.0 = Release|Any CPU
		{7136F055-EA57-45AF-80F8-C22541FB035D}.Debug|Any CPU.ActiveCfg = Debug|Any CPU
		{7136F055-EA57-45AF-80F8-C22541FB035D}.Debug|Any CPU.Build.0 = Debug|Any CPU
		{7136F055-EA57-45AF-80F8-C22541FB035D}.Release|Any CPU.ActiveCfg = Release|Any CPU
		{7136F055-EA57-45AF-80F8-C22541FB035D}.Release|Any CPU.Build.0 = Release|Any CPU
		{565CCA87-D681-4CBF-8CC2-B9ACDE1F6EAC}.Debug|Any CPU.ActiveCfg = Debug|Any CPU
		{565CCA87-D681-4CBF-8CC2-B9ACDE1F6EAC}.Debug|Any CPU.Build.0 = Debug|Any CPU
		{565CCA87-D681-4CBF-8CC2-B9ACDE1F6EAC}.Release|Any CPU.ActiveCfg = Release|Any CPU
		{565CCA87-D681-4CBF-8CC2-B9ACDE1F6EAC}.Release|Any CPU.Build.0 = Release|Any CPU
	EndGlobalSection
	GlobalSection(SolutionProperties) = preSolution
		HideSolutionNode = FALSE
	EndGlobalSection
	GlobalSection(NestedProjects) = preSolution
		{815185A0-597C-46BF-B25D-1EBF89888C16} = {EDB0D7FC-E6E7-4728-BAEA-56439D00D9A8}
		{80C39DBB-5EC2-4BDE-AED5-EF36D04D21FF} = {EDB0D7FC-E6E7-4728-BAEA-56439D00D9A8}
		{9DEAE8E5-17AE-4830-B42C-DE0F889B42B5} = {EDB0D7FC-E6E7-4728-BAEA-56439D00D9A8}
		{78EA0B00-AEDA-4BFF-93F2-96628B5F7BBB} = {56DD75B0-99B6-4E0B-ABB4-5C580B8DA4E4}
		{BBA7EAAF-9C48-42BC-9E5D-46FB402A0323} = {56DD75B0-99B6-4E0B-ABB4-5C580B8DA4E4}
		{AD000C9F-B9CF-490F-AD26-429BD8ED6C78} = {56DD75B0-99B6-4E0B-ABB4-5C580B8DA4E4}
		{D3163AE6-6147-406D-9B1B-B9B78D1C5439} = {3D700621-1A90-47F7-9579-D830531758B1}
		{8F10F023-275D-4763-B5AB-ACAD22F533A8} = {3D700621-1A90-47F7-9579-D830531758B1}
		{DDAC2DDB-6C28-406C-A517-0BEADB6AEE4A} = {3D700621-1A90-47F7-9579-D830531758B1}
		{7EE9AA49-95C6-49AE-84B0-25F320BA75B6} = {8617C5E5-D248-432E-B83B-955151EBC9CA}
		{982E0769-2694-40D1-8A0B-ECF5EB5F9A6D} = {8617C5E5-D248-432E-B83B-955151EBC9CA}
		{1CF4073C-AEE5-4FB9-8BB7-B8187D603CD6} = {8617C5E5-D248-432E-B83B-955151EBC9CA}
		{FF8D268B-D164-43B4-91C2-8A0E768C8E62} = {BAD882BD-54D4-4EB6-B0CD-4CA910D7CC85}
		{7136F055-EA57-45AF-80F8-C22541FB035D} = {BAD882BD-54D4-4EB6-B0CD-4CA910D7CC85}
		{565CCA87-D681-4CBF-8CC2-B9ACDE1F6EAC} = {BAD882BD-54D4-4EB6-B0CD-4CA910D7CC85}
	EndGlobalSection
	GlobalSection(ExtensibilityGlobals) = postSolution
		SolutionGuid = {9D0B3DD0-BE7E-4180-9ABD-82953D58B49F}
	EndGlobalSection
EndGlobal
